hash: 98b479bbe15a38ad874b27ae8309353ad8b7d8751f2cb7af0ae9bb2d2c1d949d
updated: 2017-07-06T13:28:18.982004329+02:00
imports:
- name: github.com/bborbe/http
  version: 0af97ef0fa27c72d7ad65a5e3a15ec1aebcfe695
  subpackages:
  - client_builder
  - header
  - rest
- name: github.com/bborbe/io
  version: 8c22cf733cf166b247318b0786eec0c7cad9208a
  subpackages:
  - reader_nop_close
  - util
- name: github.com/golang/glog
  version: 23def4e6c14b4da8ac2ed8007337bc5eb5007998
testImports:
- name: github.com/bborbe/assert
  version: 2448f69a8cb98ee9e5744f678477959100ceb9d4
